
Microsoft Visual Studio Solution File, Format Version 12.00
# Visual Studio Version 16
VisualStudioVersion = 16.0.30320.27
MinimumVisualStudioVersion = 10.0.40219.1
Project("{FAE04EC0-301F-11D3-BF4B-00C04F79EFBC}") = "ReportRunnerSupreme", "TemplateStandAloneApp\ReportRunnerSupreme.csproj", "{9DCCA8BA-BD83-477D-AE34-4AA93A4CAF20}"
EndProject
Global
	GlobalSection(SolutionConfigurationPlatforms) = preSolution
		Debug|Any CPU = Debug|Any CPU
		Release|Any CPU = Release|Any CPU
	EndGlobalSection
	GlobalSection(ProjectConfigurationPlatforms) = postSolution
		{9DCCA8BA-BD83-477D-AE34-4AA93A4CAF20}.Debug|Any CPU.ActiveCfg = Debug|Any CPU
		{9DCCA8BA-BD83-477D-AE34-4AA93A4CAF20}.Debug|Any CPU.Build.0 = Debug|Any CPU
		{9DCCA8BA-BD83-477D-AE34-4AA93A4CAF20}.Release|Any CPU.ActiveCfg = Release|Any CPU
		{9DCCA8BA-BD83-477D-AE34-4AA93A4CAF20}.Release|Any CPU.Build.0 = Release|Any CPU
	EndGlobalSection
	GlobalSection(SolutionProperties) = preSolution
		HideSolutionNode = FALSE
	EndGlobalSection
	GlobalSection(ExtensibilityGlobals) = postSolution
		SolutionGuid = {EC9D74DD-0BF4-40E4-8BD6-039491C93B10}
	EndGlobalSection
EndGlobal
